
Microsoft Visual Studio Solution File, Format Version 12.00
# Visual Studio Version 17
VisualStudioVersion = 17.7.34018.315
MinimumVisualStudioVersion = 10.0.40219.1
Project("{9A19103F-16F7-4668-BE54-9A1E7A4F7556}") = "MaterialsLib", "MaterialsLib\MaterialsLib.csproj", "{89AB1981-DA33-4F4E-95A9-BA2BB116F2C2}"
EndProject
Project("{9A19103F-16F7-4668-BE54-9A1E7A4F7556}") = "MaterialsLibTests", "MaterialsLibTests\MaterialsLibTests.csproj", "{11931D19-6842-41C5-BA32-61EEDAD54EF9}"
EndProject
Project("{9A19103F-16F7-4668-BE54-9A1E7A4F7556}") = "RESTMaterials", "RESTMaterials\RESTMaterials.csproj", "{0E88F40D-2B10-4F15-A993-CDAE7F4FC3EE}"
EndProject
Project("{2150E333-8FDC-42A3-9474-1A3956D46DE8}") = "MaterialsLibFrontEnd", "MaterialsLibFrontEnd", "{0BEB6066-52D8-43EC-8AD8-A17C53138DD0}"
EndProject
Global
	GlobalSection(SolutionConfigurationPlatforms) = preSolution
		Debug|Any CPU = Debug|Any CPU
		Release|Any CPU = Release|Any CPU
	EndGlobalSection
	GlobalSection(ProjectConfigurationPlatforms) = postSolution
		{89AB1981-DA33-4F4E-95A9-BA2BB116F2C2}.Debug|Any CPU.ActiveCfg = Debug|Any CPU
		{89AB1981-DA33-4F4E-95A9-BA2BB116F2C2}.Debug|Any CPU.Build.0 = Debug|Any CPU
		{89AB1981-DA33-4F4E-95A9-BA2BB116F2C2}.Release|Any CPU.ActiveCfg = Release|Any CPU
		{89AB1981-DA33-4F4E-95A9-BA2BB116F2C2}.Release|Any CPU.Build.0 = Release|Any CPU
		{11931D19-6842-41C5-BA32-61EEDAD54EF9}.Debug|Any CPU.ActiveCfg = Debug|Any CPU
		{11931D19-6842-41C5-BA32-61EEDAD54EF9}.Debug|Any CPU.Build.0 = Debug|Any CPU
		{11931D19-6842-41C5-BA32-61EEDAD54EF9}.Release|Any CPU.ActiveCfg = Release|Any CPU
		{11931D19-6842-41C5-BA32-61EEDAD54EF9}.Release|Any CPU.Build.0 = Release|Any CPU
		{0E88F40D-2B10-4F15-A993-CDAE7F4FC3EE}.Debug|Any CPU.ActiveCfg = Debug|Any CPU
		{0E88F40D-2B10-4F15-A993-CDAE7F4FC3EE}.Debug|Any CPU.Build.0 = Debug|Any CPU
		{0E88F40D-2B10-4F15-A993-CDAE7F4FC3EE}.Release|Any CPU.ActiveCfg = Release|Any CPU
		{0E88F40D-2B10-4F15-A993-CDAE7F4FC3EE}.Release|Any CPU.Build.0 = Release|Any CPU
	EndGlobalSection
	GlobalSection(SolutionProperties) = preSolution
		HideSolutionNode = FALSE
	EndGlobalSection
	GlobalSection(ExtensibilityGlobals) = postSolution
		SolutionGuid = {2D409793-5B4C-4991-B26E-1E64F1C424A3}
	EndGlobalSection
EndGlobal
